PODS:
  - Flutter (1.0.0)
  - flutter_radio_player (0.0.1):
    - Flutter
  - perfect_volume_control (0.0.1):
    - Flutter

DEPENDENCIES:
  - Flutter (from `Flutter`)
  - flutter_radio_player (from `.symlinks/plugins/flutter_radio_player/ios`)
  - perfect_volume_control (from `.symlinks/plugins/perfect_volume_control/ios`)

EXTERNAL SOURCES:
  Flutter:
    :path: Flutter
  flutter_radio_player:
    :path: ".symlinks/plugins/flutter_radio_player/ios"
  perfect_volume_control:
    :path: ".symlinks/plugins/perfect_volume_control/ios"

SPEC CHECKSUMS:
  Flutter: 50d75fe2f02b26cc09d224853bb45737f8b3214a
  flutter_radio_player: 36b1e6d075fdf47b0aae3b2e8a5db3327bef88b3
  perfect_volume_control: 79b165ecd79d6ee20e60bf15534de61ebf3bb5f3

PODFILE CHECKSUM: aafe91acc616949ddb318b77800a7f51bffa2a4c

COCOAPODS: 1.11.3
